# @generated - this file is auto-generated by `mise lock` https://mise.en.dev/dev-tools/mise-lock.html

[[tools.actionlint]]
version = "1.7.12"
backend = "aqua:rhysd/actionlint"

[tools.actionlint."platforms.linux-arm64"]
checksum = "sha256:325e971b6ba9bfa504672e29be93c24981eeb1c07576d730e9f7c8805afff0c6"
url = "https://github.com/rhysd/actionlint/releases/download/v1.7.12/actionlint_1.7.12_linux_arm64.tar.gz"
provenance = "github-attestations"

[tools.actionlint."platforms.linux-arm64-musl"]
checksum = "sha256:325e971b6ba9bfa504672e29be93c24981eeb1c07576d730e9f7c8805afff0c6"
url = "https://github.com/rhysd/actionlint/releases/download/v1.7.12/actionlint_1.7.12_linux_arm64.tar.gz"
provenance = "github-attestations"

[tools.actionlint."platforms.linux-x64"]
checksum = "sha256:8aca8db96f1b94770f1b0d72b6dddcb1ebb8123cb3712530b08cc387b349a3d8"
url = "https://github.com/rhysd/actionlint/releases/download/v1.7.12/actionlint_1.7.12_linux_amd64.tar.gz"
provenance = "github-attestations"

[tools.actionlint."platforms.linux-x64-musl"]
checksum = "sha256:8aca8db96f1b94770f1b0d72b6dddcb1ebb8123cb3712530b08cc387b349a3d8"
url = "https://github.com/rhysd/actionlint/releases/download/v1.7.12/actionlint_1.7.12_linux_amd64.tar.gz"
provenance = "github-attestations"

[tools.actionlint."platforms.macos-arm64"]
checksum = "sha256:aba9ced2dee8d27fecca3dc7feb1a7f9a52caefa1eb46f3271ea66b6e0e6953f"
url = "https://github.com/rhysd/actionlint/releases/download/v1.7.12/actionlint_1.7.12_darwin_arm64.tar.gz"
provenance = "github-attestations"

[tools.actionlint."platforms.macos-x64"]
checksum = "sha256:5b44c3bc2255115c9b69e30efc0fecdf498fdb63c5d58e17084fd5f16324c644"
url = "https://github.com/rhysd/actionlint/releases/download/v1.7.12/actionlint_1.7.12_darwin_amd64.tar.gz"
provenance = "github-attestations"

[tools.actionlint."platforms.windows-x64"]
checksum = "sha256:6e7241b51e6817ea6a047693d8e6fed13b31819c9a0dd6c5a726e1592d22f6e9"
url = "https://github.com/rhysd/actionlint/releases/download/v1.7.12/actionlint_1.7.12_windows_amd64.zip"
provenance = "github-attestations"

[[tools."aqua:grafana/flint"]]
version = "0.22.5"
backend = "aqua:grafana/flint"

[tools."aqua:grafana/flint"."platforms.linux-arm64"]
checksum = "sha256:65689b4bd6d021f34e2c599e8eeedd50464b09cef3f6203c5494b5af42cb4ff6"
url = "https://github.com/grafana/flint/releases/download/v0.22.5/flint-aarch64-unknown-linux-gnu.tar.gz"
provenance = "github-attestations"

[tools."aqua:grafana/flint"."platforms.linux-arm64-musl"]
provenance = "github-attestations"

[tools."aqua:grafana/flint"."platforms.linux-x64"]
checksum = "sha256:4f44e7546c82288327e78a6529e88f312bf005b6dbecd30c9e0b3aa54ecb84c3"
url = "https://github.com/grafana/flint/releases/download/v0.22.5/flint-x86_64-unknown-linux-gnu.tar.gz"
provenance = "github-attestations"

[tools."aqua:grafana/flint"."platforms.linux-x64-musl"]
provenance = "github-attestations"

[tools."aqua:grafana/flint"."platforms.macos-arm64"]
checksum = "sha256:76bcd4a3229784988e288ef083540b49d9c965afa6613ec548b2d51ffd5d0ab8"
url = "https://github.com/grafana/flint/releases/download/v0.22.5/flint-aarch64-apple-darwin.tar.gz"
provenance = "github-attestations"

[tools."aqua:grafana/flint"."platforms.macos-x64"]
checksum = "sha256:d4045aeef258f80aea9ba5a8ee880db95473d3eb75606c1d3a3fbeb0d2b3c052"
url = "https://github.com/grafana/flint/releases/download/v0.22.5/flint-x86_64-apple-darwin.tar.gz"
provenance = "github-attestations"

[tools."aqua:grafana/flint"."platforms.windows-x64"]
checksum = "sha256:d6b9915500850c9657da2233ecd0f4d35a57e062393d45d24ec1bed7f9c3b50a"
url = "https://github.com/grafana/flint/releases/download/v0.22.5/flint-x86_64-pc-windows-msvc.zip"
provenance = "github-attestations"

[[tools."aqua:jonwiggins/xmloxide"]]
version = "v0.4.3"
backend = "aqua:jonwiggins/xmloxide"

[tools."aqua:jonwiggins/xmloxide"."platforms.linux-arm64"]
checksum = "sha256:abb840c558fdc94b4c1eddb1e4a3901d6c8129dcb76f387428dc2b30a7364967"
url = "https://github.com/jonwiggins/xmloxide/releases/download/v0.4.3/xmllint_linux-aarch64"

[tools."aqua:jonwiggins/xmloxide"."platforms.linux-arm64-musl"]
checksum = "sha256:abb840c558fdc94b4c1eddb1e4a3901d6c8129dcb76f387428dc2b30a7364967"
url = "https://github.com/jonwiggins/xmloxide/releases/download/v0.4.3/xmllint_linux-aarch64"

[tools."aqua:jonwiggins/xmloxide"."platforms.linux-x64"]
checksum = "sha256:46ccd30ff3a242b3d01ab72366cc3b6762882be604ebceaa32123a40d0af2dfc"
url = "https://github.com/jonwiggins/xmloxide/releases/download/v0.4.3/xmllint_linux-x86-64"

[tools."aqua:jonwiggins/xmloxide"."platforms.linux-x64-musl"]
checksum = "sha256:46ccd30ff3a242b3d01ab72366cc3b6762882be604ebceaa32123a40d0af2dfc"
url = "https://github.com/jonwiggins/xmloxide/releases/download/v0.4.3/xmllint_linux-x86-64"

[tools."aqua:jonwiggins/xmloxide"."platforms.macos-arm64"]
checksum = "sha256:6a2cb055e63ae97d75cd346c34138a9e31626e1dfc0983006c422c203b5cc288"
url = "https://github.com/jonwiggins/xmloxide/releases/download/v0.4.3/xmllint_darwin-aarch64"

[tools."aqua:jonwiggins/xmloxide"."platforms.macos-x64"]
checksum = "sha256:e83cbba88862d009405b5ce9e48025ff84b683a39a0832dde2db5395cb54734f"
url = "https://github.com/jonwiggins/xmloxide/releases/download/v0.4.3/xmllint_darwin-x86-64"

[tools."aqua:jonwiggins/xmloxide"."platforms.windows-x64"]
checksum = "sha256:22872cad20b8ce8ccab28c42ce17acc9aa64b82cbad7d130ee74196cd74cd414"
url = "https://github.com/jonwiggins/xmloxide/releases/download/v0.4.3/xmllint_windows-x86-64.exe"

[[tools."aqua:owenlamont/ryl"]]
version = "0.18.1"
backend = "aqua:owenlamont/ryl"

[tools."aqua:owenlamont/ryl"."platforms.linux-arm64"]
checksum = "sha256:145987f79f6ae4063530671549adf6d77fae74aab1fcfc6289e74e9775441dcf"
url = "https://github.com/owenlamont/ryl/releases/download/v0.18.1/ryl-aarch64-unknown-linux-musl.tar.gz"
provenance = "github-attestations"

[tools."aqua:owenlamont/ryl"."platforms.linux-arm64-musl"]
checksum = "sha256:145987f79f6ae4063530671549adf6d77fae74aab1fcfc6289e74e9775441dcf"
url = "https://github.com/owenlamont/ryl/releases/download/v0.18.1/ryl-aarch64-unknown-linux-musl.tar.gz"
provenance = "github-attestations"

[tools."aqua:owenlamont/ryl"."platforms.linux-x64"]
checksum = "sha256:4ec8bd26035d2030dcdf3869f2a4bf7f75076aadbeebb27e59410290d2873bab"
url = "https://github.com/owenlamont/ryl/releases/download/v0.18.1/ryl-x86_64-unknown-linux-musl.tar.gz"
provenance = "github-attestations"

[tools."aqua:owenlamont/ryl"."platforms.linux-x64-musl"]
checksum = "sha256:4ec8bd26035d2030dcdf3869f2a4bf7f75076aadbeebb27e59410290d2873bab"
url = "https://github.com/owenlamont/ryl/releases/download/v0.18.1/ryl-x86_64-unknown-linux-musl.tar.gz"
provenance = "github-attestations"

[tools."aqua:owenlamont/ryl"."platforms.macos-arm64"]
checksum = "sha256:526486a1642c4a79438e9e8e69c4e829904024138931f9f7415a78aaed336952"
url = "https://github.com/owenlamont/ryl/releases/download/v0.18.1/ryl-aarch64-apple-darwin.tar.gz"
provenance = "github-attestations"

[tools."aqua:owenlamont/ryl"."platforms.windows-x64"]
checksum = "sha256:1a45f217c38e303cfe437da39716259545a105f808be4ac9798e3d91413ec41c"
url = "https://github.com/owenlamont/ryl/releases/download/v0.18.1/ryl-x86_64-pc-windows-msvc.zip"
provenance = "github-attestations"

[[tools.biome]]
version = "2.5.0"
backend = "aqua:biomejs/biome"

[tools.biome."platforms.linux-arm64"]
checksum = "sha256:27c9bc5994dfb5711f5f09a4c3c35749ca9c4a898a063bb062e6b932dbc2571d"
url = "https://github.com/biomejs/biome/releases/download/%40biomejs/biome%402.5.0/biome-linux-arm64"
provenance = "github-attestations"

[tools.biome."platforms.linux-arm64-musl"]
checksum = "sha256:fb6b47765cdc5bf4e5af9fdf18c17aa1306c8eb7f227a36d6580d67472a77dbb"
url = "https://github.com/biomejs/biome/releases/download/%40biomejs/biome%402.5.0/biome-linux-arm64-musl"
provenance = "github-attestations"

[tools.biome."platforms.linux-x64"]
checksum = "sha256:e7df298f0551dd90bea4425779369aa3130d9817f4acc4f663ef63c327206a19"
url = "https://github.com/biomejs/biome/releases/download/%40biomejs/biome%402.5.0/biome-linux-x64"
provenance = "github-attestations"

[tools.biome."platforms.linux-x64-musl"]
checksum = "sha256:16620d56fd50c5b3dc689a80611a2b58dd22a55918894b2520b534da877d2e66"
url = "https://github.com/biomejs/biome/releases/download/%40biomejs/biome%402.5.0/biome-linux-x64-musl"
provenance = "github-attestations"

[tools.biome."platforms.macos-arm64"]
checksum = "sha256:9b9e04f749db6b037b0ad38ba0c5cce63b185a7cc3b049e577dad3c18f4adb2c"
url = "https://github.com/biomejs/biome/releases/download/%40biomejs/biome%402.5.0/biome-darwin-arm64"
provenance = "github-attestations"

[tools.biome."platforms.macos-x64"]
checksum = "sha256:0c7002cc808eebabe7852c8417b9deb1a5615342e6881c588b49367c6c56db8c"
url = "https://github.com/biomejs/biome/releases/download/%40biomejs/biome%402.5.0/biome-darwin-x64"
provenance = "github-attestations"

[tools.biome."platforms.windows-x64"]
checksum = "sha256:84d4e71fdbb4b15b1aa83c1b1cc033aae9856d48a7a857c1381b1bd499430f7c"
url = "https://github.com/biomejs/biome/releases/download/%40biomejs/biome%402.5.0/biome-win32-x64.exe"
provenance = "github-attestations"

[[tools.editorconfig-checker]]
version = "3.7.0"
backend = "aqua:editorconfig-checker/editorconfig-checker"

[tools.editorconfig-checker."platforms.linux-arm64"]
checksum = "sha256:e978f3f0940469989930311af8e101dd9ce8c2ee4da69264f3d76a3787e961ad"
url = "https://github.com/editorconfig-checker/editorconfig-checker/releases/download/v3.7.0/ec-linux-arm64.tar.gz"

[tools.editorconfig-checker."platforms.linux-arm64-musl"]
checksum = "sha256:e978f3f0940469989930311af8e101dd9ce8c2ee4da69264f3d76a3787e961ad"
url = "https://github.com/editorconfig-checker/editorconfig-checker/releases/download/v3.7.0/ec-linux-arm64.tar.gz"

[tools.editorconfig-checker."platforms.linux-x64"]
checksum = "sha256:9a0c3a5170bffa24f9e5f0def53d285777b6c5284a95367f40d399d0b76af552"
url = "https://github.com/editorconfig-checker/editorconfig-checker/releases/download/v3.7.0/ec-linux-amd64.tar.gz"

[tools.editorconfig-checker."platforms.linux-x64-musl"]
checksum = "sha256:9a0c3a5170bffa24f9e5f0def53d285777b6c5284a95367f40d399d0b76af552"
url = "https://github.com/editorconfig-checker/editorconfig-checker/releases/download/v3.7.0/ec-linux-amd64.tar.gz"

[tools.editorconfig-checker."platforms.macos-arm64"]
checksum = "sha256:727e6ef506c6fbe7719cc29c69b495715b64514a00059f3f179077bfad0580e5"
url = "https://github.com/editorconfig-checker/editorconfig-checker/releases/download/v3.7.0/ec-darwin-arm64.tar.gz"

[tools.editorconfig-checker."platforms.macos-x64"]
checksum = "sha256:6cd2e4aa2a374d391e3baeaae43fc28906fd15b09490f5669eee206a63eef00a"
url = "https://github.com/editorconfig-checker/editorconfig-checker/releases/download/v3.7.0/ec-darwin-amd64.tar.gz"

[tools.editorconfig-checker."platforms.windows-x64"]
checksum = "sha256:9c6b8a4cd7ccc5826ab96d34c460f37ab18b9cb50607d3ee9eb743fc47335da7"
url = "https://github.com/editorconfig-checker/editorconfig-checker/releases/download/v3.7.0/ec-windows-amd64.zip"

[[tools."go:github.com/grafana/oats"]]
version = "0.7.0"
backend = "go:github.com/grafana/oats"

[[tools.google-java-format]]
version = "1.35.0"
backend = "aqua:google/google-java-format"

[tools.google-java-format."platforms.linux-arm64"]
checksum = "sha256:a69b2e85deb681f3eae4c946b948908e162e76ef27d752fa31830866dd7aa764"
url = "https://github.com/google/google-java-format/releases/download/v1.35.0/google-java-format_linux-arm64"

[tools.google-java-format."platforms.linux-arm64-musl"]
checksum = "sha256:a69b2e85deb681f3eae4c946b948908e162e76ef27d752fa31830866dd7aa764"
url = "https://github.com/google/google-java-format/releases/download/v1.35.0/google-java-format_linux-arm64"

[tools.google-java-format."platforms.linux-x64"]
checksum = "sha256:e0f95ad6d26b8fbd5b1e3fd3014f8306c4eb3b29d2a6b15fab62d0a364629437"
url = "https://github.com/google/google-java-format/releases/download/v1.35.0/google-java-format_linux-x86-64"

[tools.google-java-format."platforms.linux-x64-musl"]
checksum = "sha256:e0f95ad6d26b8fbd5b1e3fd3014f8306c4eb3b29d2a6b15fab62d0a364629437"
url = "https://github.com/google/google-java-format/releases/download/v1.35.0/google-java-format_linux-x86-64"

[tools.google-java-format."platforms.macos-arm64"]
checksum = "sha256:563f066c324687885b5f4039325f8952fbb9aaf3d67c68e0b2eafccc8069d3b8"
url = "https://github.com/google/google-java-format/releases/download/v1.35.0/google-java-format_darwin-arm64"

[tools.google-java-format."platforms.windows-x64"]
checksum = "sha256:2451e70f7805ce51dc026c0ca6b76b689b20c99c5e5769412ae5235f59f3a427"
url = "https://github.com/google/google-java-format/releases/download/v1.35.0/google-java-format_windows-x86-64.exe"

[[tools.hugo]]
version = "0.163.3"
backend = "aqua:gohugoio/hugo"

[tools.hugo."platforms.linux-arm64"]
checksum = "sha256:a4185cf0308ff3a61a2828563f70f476fcef30d02e9b00fb562eb1bd085195a5"
url = "https://github.com/gohugoio/hugo/releases/download/v0.163.3/hugo_0.163.3_linux-arm64.tar.gz"

[tools.hugo."platforms.linux-arm64-musl"]
checksum = "sha256:a4185cf0308ff3a61a2828563f70f476fcef30d02e9b00fb562eb1bd085195a5"
url = "https://github.com/gohugoio/hugo/releases/download/v0.163.3/hugo_0.163.3_linux-arm64.tar.gz"

[tools.hugo."platforms.linux-x64"]
checksum = "sha256:ec422258f9a4ffc241de8707297e32311cd86fcc9b2813632617ff4d44935d91"
url = "https://github.com/gohugoio/hugo/releases/download/v0.163.3/hugo_0.163.3_linux-amd64.tar.gz"

[tools.hugo."platforms.linux-x64-musl"]
checksum = "sha256:ec422258f9a4ffc241de8707297e32311cd86fcc9b2813632617ff4d44935d91"
url = "https://github.com/gohugoio/hugo/releases/download/v0.163.3/hugo_0.163.3_linux-amd64.tar.gz"

[tools.hugo."platforms.macos-arm64"]
checksum = "sha256:a59f749a6dbf613da9ec9c51ab670add0ca72b7eed6590bbff779a6fd6b70f0c"
url = "https://github.com/gohugoio/hugo/releases/download/v0.163.3/hugo_0.163.3_darwin-universal.pkg"

[tools.hugo."platforms.macos-x64"]
checksum = "sha256:a59f749a6dbf613da9ec9c51ab670add0ca72b7eed6590bbff779a6fd6b70f0c"
url = "https://github.com/gohugoio/hugo/releases/download/v0.163.3/hugo_0.163.3_darwin-universal.pkg"

[tools.hugo."platforms.windows-x64"]
checksum = "sha256:f330476374b604d3bc0e33a929ff476e9623bc62938f16846e832620545cd705"
url = "https://github.com/gohugoio/hugo/releases/download/v0.163.3/hugo_0.163.3_windows-amd64.zip"

[[tools.java]]
version = "temurin-25.0.3+9.0.LTS"
backend = "core:java"

[tools.java."platforms.linux-arm64"]
checksum = "sha256:3e4287cb98870ba824ed698854bdc27cff984254caf66dd12cc291e7bfdde26b"
url = "https://github.com/adoptium/temurin25-binaries/releases/download/jdk-25.0.3%2B9/OpenJDK25U-jdk_aarch64_linux_hotspot_25.0.3_9.tar.gz"

[tools.java."platforms.linux-arm64-musl"]
checksum = "sha256:6ed368e93049d3b188c045fce0b20953bbea92fe0614dbbf4d3fd8daad7be3b2"
url = "https://github.com/adoptium/temurin25-binaries/releases/download/jdk-25.0.3%2B9/OpenJDK25U-jdk_aarch64_alpine-linux_hotspot_25.0.3_9.tar.gz"

[tools.java."platforms.linux-x64"]
checksum = "sha256:69264a7a211bf5029830d07bc3370f879769d62ebc5b5488e90c9343a2da0e1f"
url = "https://github.com/adoptium/temurin25-binaries/releases/download/jdk-25.0.3%2B9/OpenJDK25U-jdk_x64_linux_hotspot_25.0.3_9.tar.gz"

[tools.java."platforms.linux-x64-musl"]
checksum = "sha256:51c2415b370aac7c3796b0c4663c8fcf91bc22d76f03df95b25fa5667cb5fdd8"
url = "https://github.com/adoptium/temurin25-binaries/releases/download/jdk-25.0.3%2B9/OpenJDK25U-jdk_x64_alpine-linux_hotspot_25.0.3_9.tar.gz"

[tools.java."platforms.macos-arm64"]
checksum = "sha256:7baab4d69a15554e119b86ff78d40e3fdc28819b5b322955c913cebfe3f6a37c"
url = "https://github.com/adoptium/temurin25-binaries/releases/download/jdk-25.0.3%2B9/OpenJDK25U-jdk_aarch64_mac_hotspot_25.0.3_9.tar.gz"

[tools.java."platforms.macos-x64"]
checksum = "sha256:4c539a18b4d656960ff6766727e9ca546fc17f7a29714dba9e7b47bdcb37c447"
url = "https://github.com/adoptium/temurin25-binaries/releases/download/jdk-25.0.3%2B9/OpenJDK25U-jdk_x64_mac_hotspot_25.0.3_9.tar.gz"

[tools.java."platforms.windows-x64"]
checksum = "sha256:709312cd0420296d9b9de917fe6e28a5b979e875ee5ab91783fb79bcd5857235"
url = "https://github.com/adoptium/temurin25-binaries/releases/download/jdk-25.0.3%2B9/OpenJDK25U-jdk_x64_windows_hotspot_25.0.3_9.zip"

[[tools.lychee]]
version = "0.24.2"
backend = "aqua:lycheeverse/lychee"

[tools.lychee."platforms.linux-arm64"]
checksum = "sha256:5d0b0e3aeab240f41920c633a6eaf97599be6eedda034b36e858ede7dba5e535"
url = "https://github.com/lycheeverse/lychee/releases/download/lychee-v0.24.2/lychee-aarch64-unknown-linux-musl.tar.gz"

[tools.lychee."platforms.linux-arm64-musl"]
checksum = "sha256:5d0b0e3aeab240f41920c633a6eaf97599be6eedda034b36e858ede7dba5e535"
url = "https://github.com/lycheeverse/lychee/releases/download/lychee-v0.24.2/lychee-aarch64-unknown-linux-musl.tar.gz"

[tools.lychee."platforms.linux-x64"]
checksum = "sha256:73657a111819a30c47c08352896796f23d64e4eb2b3ed39b6d32149241566fc5"
url = "https://github.com/lycheeverse/lychee/releases/download/lychee-v0.24.2/lychee-x86_64-unknown-linux-musl.tar.gz"

[tools.lychee."platforms.linux-x64-musl"]
checksum = "sha256:73657a111819a30c47c08352896796f23d64e4eb2b3ed39b6d32149241566fc5"
url = "https://github.com/lycheeverse/lychee/releases/download/lychee-v0.24.2/lychee-x86_64-unknown-linux-musl.tar.gz"

[tools.lychee."platforms.macos-arm64"]
checksum = "sha256:c9d3740ea2d891854d37116c9fba840f37b6e7c89d330e7db84ac333631c4977"
url = "https://github.com/lycheeverse/lychee/releases/download/lychee-v0.24.2/lychee-aarch64-apple-darwin.tar.gz"

[tools.lychee."platforms.macos-x64"]
checksum = "sha256:887503a9cff667d322b8d0892b40bf49976eb9507af8483220a3706cdad55978"
url = "https://github.com/lycheeverse/lychee/releases/download/lychee-v0.24.2/lychee-x86_64-apple-darwin.tar.gz"

[tools.lychee."platforms.windows-x64"]
checksum = "sha256:32975d1493ee1a975d6bb41e4fb56fe419cb442ded628bb772ba2e614acfacad"
url = "https://github.com/lycheeverse/lychee/releases/download/lychee-v0.24.2/lychee-x86_64-pc-windows-msvc.zip"

[[tools.node]]
version = "24.18.0"
backend = "core:node"

[tools.node."platforms.linux-arm64"]
checksum = "sha256:6b4484c2190274175df9aa8f28e2d758a819cb1c1fe6ab481e2f95b463ab8508"
url = "https://nodejs.org/dist/v24.18.0/node-v24.18.0-linux-arm64.tar.gz"

[tools.node."platforms.linux-arm64-musl"]
checksum = "sha256:b1c6c2dc31b46dd8fb2322f4fe75b07e775c5120bc37251deeea28f529d4567b"
url = "https://unofficial-builds.nodejs.org/download/release/v24.18.0/node-v24.18.0-linux-arm64-musl.tar.gz"

[tools.node."platforms.linux-x64"]
checksum = "sha256:783130984963db7ba9cbd01089eaf2c2efb055c7c1693c943174b967b3050cb8"
url = "https://nodejs.org/dist/v24.18.0/node-v24.18.0-linux-x64.tar.gz"

[tools.node."platforms.linux-x64-musl"]
checksum = "sha256:ea58409911e141ec6b19d9178efa2d9185a13295005b1cbf5521b3157eed1d95"
url = "https://unofficial-builds.nodejs.org/download/release/v24.18.0/node-v24.18.0-linux-x64-musl.tar.gz"

[tools.node."platforms.macos-arm64"]
checksum = "sha256:e1a97e14c99c803e96c7339403282ea05a499c32f8d83defe9ef5ec66f979ed1"
url = "https://nodejs.org/dist/v24.18.0/node-v24.18.0-darwin-arm64.tar.gz"

[tools.node."platforms.macos-x64"]
checksum = "sha256:dfd0dbd3e721503434df7b7205e719f61b3a3a31b2bcf9729b8b91fea240f080"
url = "https://nodejs.org/dist/v24.18.0/node-v24.18.0-darwin-x64.tar.gz"

[tools.node."platforms.windows-x64"]
checksum = "sha256:0ae68406b42d7725661da979b1403ec9926da205c6770827f33aac9d8f26e821"
url = "https://nodejs.org/dist/v24.18.0/node-v24.18.0-win-x64.zip"

[[tools."npm:renovate"]]
version = "43.220.0"
backend = "npm:renovate"

[[tools.protoc]]
version = "35.0"
backend = "aqua:protocolbuffers/protobuf/protoc"

[tools.protoc."platforms.linux-arm64"]
checksum = "sha256:36b518ac14d90351cc6598228ed2bbe5afe4e357b1af470b07e0ec1609875de2"
url = "https://github.com/protocolbuffers/protobuf/releases/download/v35.0/protoc-35.0-linux-aarch_64.zip"

[tools.protoc."platforms.linux-arm64-musl"]
checksum = "sha256:36b518ac14d90351cc6598228ed2bbe5afe4e357b1af470b07e0ec1609875de2"
url = "https://github.com/protocolbuffers/protobuf/releases/download/v35.0/protoc-35.0-linux-aarch_64.zip"

[tools.protoc."platforms.linux-x64"]
checksum = "sha256:a45cda0989c17dd950db55f6fbe1e5814c50fda08e87aa422980ac1f89dddbbc"
url = "https://github.com/protocolbuffers/protobuf/releases/download/v35.0/protoc-35.0-linux-x86_64.zip"

[tools.protoc."platforms.linux-x64-musl"]
checksum = "sha256:a45cda0989c17dd950db55f6fbe1e5814c50fda08e87aa422980ac1f89dddbbc"
url = "https://github.com/protocolbuffers/protobuf/releases/download/v35.0/protoc-35.0-linux-x86_64.zip"

[tools.protoc."platforms.macos-arm64"]
checksum = "sha256:45444963204757fd3e2fbe304bc1fdadfb488d8556ff099c4cc06575eab88976"
url = "https://github.com/protocolbuffers/protobuf/releases/download/v35.0/protoc-35.0-osx-aarch_64.zip"

[tools.protoc."platforms.macos-x64"]
checksum = "sha256:3580c2d115fccb5b0239960c8f70f8da14787b1973a46b2f39c315ad71c11e01"
url = "https://github.com/protocolbuffers/protobuf/releases/download/v35.0/protoc-35.0-osx-x86_64.zip"

[tools.protoc."platforms.windows-x64"]
checksum = "sha256:d1cede9e308cc3eb072392af1c02ccae4bdd3d2f374ec2970dbd8cdfdaa91363"
url = "https://github.com/protocolbuffers/protobuf/releases/download/v35.0/protoc-35.0-win64.zip"

[[tools.ruff]]
version = "0.15.17"
backend = "aqua:astral-sh/ruff"

[tools.ruff."platforms.linux-arm64"]
checksum = "sha256:211d610dd81ef472d3b1404b28eaa19a62cb41ab9374584847307b97821a4ab8"
url = "https://github.com/astral-sh/ruff/releases/download/0.15.17/ruff-aarch64-unknown-linux-musl.tar.gz"
provenance = "github-attestations"

[tools.ruff."platforms.linux-arm64-musl"]
checksum = "sha256:211d610dd81ef472d3b1404b28eaa19a62cb41ab9374584847307b97821a4ab8"
url = "https://github.com/astral-sh/ruff/releases/download/0.15.17/ruff-aarch64-unknown-linux-musl.tar.gz"
provenance = "github-attestations"

[tools.ruff."platforms.linux-x64"]
checksum = "sha256:cbf85fc152b7fc25cb27f0233b325e9c72cb26965152050164e7608b72515189"
url = "https://github.com/astral-sh/ruff/releases/download/0.15.17/ruff-x86_64-unknown-linux-musl.tar.gz"
provenance = "github-attestations"

[tools.ruff."platforms.linux-x64-musl"]
checksum = "sha256:cbf85fc152b7fc25cb27f0233b325e9c72cb26965152050164e7608b72515189"
url = "https://github.com/astral-sh/ruff/releases/download/0.15.17/ruff-x86_64-unknown-linux-musl.tar.gz"
provenance = "github-attestations"

[tools.ruff."platforms.macos-arm64"]
checksum = "sha256:81f372886fb7a0056949356c615fa689a091cf79b0b54ed914c810cdbc6d85e9"
url = "https://github.com/astral-sh/ruff/releases/download/0.15.17/ruff-aarch64-apple-darwin.tar.gz"
provenance = "github-attestations"

[tools.ruff."platforms.macos-x64"]
checksum = "sha256:5522e517bd67ee8c2cb0d6a8298388d8edc8621a0bc5dc773f65e06c953693f6"
url = "https://github.com/astral-sh/ruff/releases/download/0.15.17/ruff-x86_64-apple-darwin.tar.gz"
provenance = "github-attestations"

[tools.ruff."platforms.windows-x64"]
checksum = "sha256:08b6cb2bd20f3d19e3cf6e768d8d8105c8337de1c52e90c7dc1deea483d68c86"
url = "https://github.com/astral-sh/ruff/releases/download/0.15.17/ruff-x86_64-pc-windows-msvc.zip"
provenance = "github-attestations"

[[tools.rumdl]]
version = "v0.2.17"
backend = "aqua:rvben/rumdl"

[tools.rumdl."platforms.linux-arm64"]
checksum = "sha256:373126181bd8da7a1571d8ab5a6a2f917122f803a419588007b8cc463dec8539"
url = "https://github.com/rvben/rumdl/releases/download/v0.2.17/rumdl-v0.2.17-aarch64-unknown-linux-musl.tar.gz"
provenance = "github-attestations"

[tools.rumdl."platforms.linux-arm64-musl"]
checksum = "sha256:373126181bd8da7a1571d8ab5a6a2f917122f803a419588007b8cc463dec8539"
url = "https://github.com/rvben/rumdl/releases/download/v0.2.17/rumdl-v0.2.17-aarch64-unknown-linux-musl.tar.gz"
provenance = "github-attestations"

[tools.rumdl."platforms.linux-x64"]
checksum = "sha256:8629b7e34fd722910b5412347ab22890a8c4c5740caa13660ea30ab7aeb85f53"
url = "https://github.com/rvben/rumdl/releases/download/v0.2.17/rumdl-v0.2.17-x86_64-unknown-linux-musl.tar.gz"
provenance = "github-attestations"

[tools.rumdl."platforms.linux-x64-musl"]
checksum = "sha256:8629b7e34fd722910b5412347ab22890a8c4c5740caa13660ea30ab7aeb85f53"
url = "https://github.com/rvben/rumdl/releases/download/v0.2.17/rumdl-v0.2.17-x86_64-unknown-linux-musl.tar.gz"
provenance = "github-attestations"

[tools.rumdl."platforms.macos-arm64"]
checksum = "sha256:b458250418ac87d32031cd7bfcbb9daed085a325390995aa8253467797c97443"
url = "https://github.com/rvben/rumdl/releases/download/v0.2.17/rumdl-v0.2.17-aarch64-apple-darwin.tar.gz"
provenance = "github-attestations"

[tools.rumdl."platforms.macos-x64"]
checksum = "sha256:b30dd76a93c2b06330b65a75e533a34447762ca1407876e577e606b3fee1ea74"
url = "https://github.com/rvben/rumdl/releases/download/v0.2.17/rumdl-v0.2.17-x86_64-apple-darwin.tar.gz"
provenance = "github-attestations"

[tools.rumdl."platforms.windows-x64"]
checksum = "sha256:050bdfdb465f48b78f7f4310694fc38352ce10d08884ccaaa88d901ba2c72884"
url = "https://github.com/rvben/rumdl/releases/download/v0.2.17/rumdl-v0.2.17-x86_64-pc-windows-msvc.zip"
provenance = "github-attestations"

[[tools.shellcheck]]
version = "v0.11.0"
backend = "aqua:koalaman/shellcheck"

[tools.shellcheck."platforms.linux-arm64"]
checksum = "sha256:12b331c1d2db6b9eb13cfca64306b1b157a86eb69db83023e261eaa7e7c14588"
url = "https://github.com/koalaman/shellcheck/releases/download/v0.11.0/shellcheck-v0.11.0.linux.aarch64.tar.xz"

[tools.shellcheck."platforms.linux-arm64-musl"]
checksum = "sha256:12b331c1d2db6b9eb13cfca64306b1b157a86eb69db83023e261eaa7e7c14588"
url = "https://github.com/koalaman/shellcheck/releases/download/v0.11.0/shellcheck-v0.11.0.linux.aarch64.tar.xz"

[tools.shellcheck."platforms.linux-x64"]
checksum = "sha256:8c3be12b05d5c177a04c29e3c78ce89ac86f1595681cab149b65b97c4e227198"
url = "https://github.com/koalaman/shellcheck/releases/download/v0.11.0/shellcheck-v0.11.0.linux.x86_64.tar.xz"

[tools.shellcheck."platforms.linux-x64-musl"]
checksum = "sha256:8c3be12b05d5c177a04c29e3c78ce89ac86f1595681cab149b65b97c4e227198"
url = "https://github.com/koalaman/shellcheck/releases/download/v0.11.0/shellcheck-v0.11.0.linux.x86_64.tar.xz"

[tools.shellcheck."platforms.macos-arm64"]
checksum = "sha256:56affdd8de5527894dca6dc3d7e0a99a873b0f004d7aabc30ae407d3f48b0a79"
url = "https://github.com/koalaman/shellcheck/releases/download/v0.11.0/shellcheck-v0.11.0.darwin.aarch64.tar.xz"

[tools.shellcheck."platforms.macos-x64"]
checksum = "sha256:3c89db4edcab7cf1c27bff178882e0f6f27f7afdf54e859fa041fca10febe4c6"
url = "https://github.com/koalaman/shellcheck/releases/download/v0.11.0/shellcheck-v0.11.0.darwin.x86_64.tar.xz"

[tools.shellcheck."platforms.windows-x64"]
checksum = "sha256:8a4e35ab0b331c85d73567b12f2a444df187f483e5079ceffa6bda1faa2e740e"
url = "https://github.com/koalaman/shellcheck/releases/download/v0.11.0/shellcheck-v0.11.0.zip"

[[tools.shfmt]]
version = "3.13.1"
backend = "aqua:mvdan/sh"

[tools.shfmt."platforms.linux-arm64"]
checksum = "sha256:32d92acaa5cd8abb29fc49dac123dc412442d5713967819d8af2c29f1b3857c7"
url = "https://github.com/mvdan/sh/releases/download/v3.13.1/shfmt_v3.13.1_linux_arm64"

[tools.shfmt."platforms.linux-arm64-musl"]
checksum = "sha256:32d92acaa5cd8abb29fc49dac123dc412442d5713967819d8af2c29f1b3857c7"
url = "https://github.com/mvdan/sh/releases/download/v3.13.1/shfmt_v3.13.1_linux_arm64"

[tools.shfmt."platforms.linux-x64"]
checksum = "sha256:fb096c5d1ac6beabbdbaa2874d025badb03ee07929f0c9ff67563ce8c75398b1"
url = "https://github.com/mvdan/sh/releases/download/v3.13.1/shfmt_v3.13.1_linux_amd64"

[tools.shfmt."platforms.linux-x64-musl"]
checksum = "sha256:fb096c5d1ac6beabbdbaa2874d025badb03ee07929f0c9ff67563ce8c75398b1"
url = "https://github.com/mvdan/sh/releases/download/v3.13.1/shfmt_v3.13.1_linux_amd64"

[tools.shfmt."platforms.macos-arm64"]
checksum = "sha256:9680526be4a66ea1ffe988ed08af58e1400fe1e4f4aef5bd88b20bb9b3da33f8"
url = "https://github.com/mvdan/sh/releases/download/v3.13.1/shfmt_v3.13.1_darwin_arm64"

[tools.shfmt."platforms.macos-x64"]
checksum = "sha256:6feedafc72915794163114f512348e2437d080d0047ef8b8fa2ec63b575f12af"
url = "https://github.com/mvdan/sh/releases/download/v3.13.1/shfmt_v3.13.1_darwin_amd64"

[tools.shfmt."platforms.windows-x64"]
checksum = "sha256:60cd368533d0ad73fa86d93d5bbf95ef40587245ce684ed138c1b31557b5fe97"
url = "https://github.com/mvdan/sh/releases/download/v3.13.1/shfmt_v3.13.1_windows_amd64.exe"

[[tools.taplo]]
version = "0.10.0"
backend = "aqua:tamasfe/taplo"

[tools.taplo."platforms.linux-arm64"]
url = "https://github.com/tamasfe/taplo/releases/download/0.10.0/taplo-linux-aarch64.gz"

[tools.taplo."platforms.linux-arm64-musl"]
url = "https://github.com/tamasfe/taplo/releases/download/0.10.0/taplo-linux-aarch64.gz"

[tools.taplo."platforms.linux-x64"]
url = "https://github.com/tamasfe/taplo/releases/download/0.10.0/taplo-linux-x86_64.gz"

[tools.taplo."platforms.linux-x64-musl"]
url = "https://github.com/tamasfe/taplo/releases/download/0.10.0/taplo-linux-x86_64.gz"

[tools.taplo."platforms.macos-arm64"]
url = "https://github.com/tamasfe/taplo/releases/download/0.10.0/taplo-darwin-aarch64.gz"

[tools.taplo."platforms.macos-x64"]
url = "https://github.com/tamasfe/taplo/releases/download/0.10.0/taplo-darwin-x86_64.gz"

[tools.taplo."platforms.windows-x64"]
url = "https://github.com/tamasfe/taplo/releases/download/0.10.0/taplo-windows-x86_64.zip"

[[tools.typos]]
version = "1.47.2"
backend = "aqua:crate-ci/typos"

[tools.typos."platforms.linux-arm64"]
checksum = "sha256:596d5c6b9ecf34307f68bea649178c5b45a4398fe3a1fcef9598e85aa2ccb742"
url = "https://github.com/crate-ci/typos/releases/download/v1.47.2/typos-v1.47.2-aarch64-unknown-linux-musl.tar.gz"

[tools.typos."platforms.linux-arm64-musl"]
checksum = "sha256:596d5c6b9ecf34307f68bea649178c5b45a4398fe3a1fcef9598e85aa2ccb742"
url = "https://github.com/crate-ci/typos/releases/download/v1.47.2/typos-v1.47.2-aarch64-unknown-linux-musl.tar.gz"

[tools.typos."platforms.linux-x64"]
checksum = "sha256:7aef58932fc123b4cf4b40d86468e89a3297d80169051d7cfd13a235e05fc426"
url = "https://github.com/crate-ci/typos/releases/download/v1.47.2/typos-v1.47.2-x86_64-unknown-linux-musl.tar.gz"

[tools.typos."platforms.linux-x64-musl"]
checksum = "sha256:7aef58932fc123b4cf4b40d86468e89a3297d80169051d7cfd13a235e05fc426"
url = "https://github.com/crate-ci/typos/releases/download/v1.47.2/typos-v1.47.2-x86_64-unknown-linux-musl.tar.gz"

[tools.typos."platforms.macos-arm64"]
checksum = "sha256:23ca24a9186b5cb395b5f6c8eea8cdb02911c8980833e016454b56e90c3bd474"
url = "https://github.com/crate-ci/typos/releases/download/v1.47.2/typos-v1.47.2-aarch64-apple-darwin.tar.gz"

[tools.typos."platforms.macos-x64"]
checksum = "sha256:469a2d9fc894b0cdcec6e4fa3719b4c4638e195feee6517d4845450f8e8985c6"
url = "https://github.com/crate-ci/typos/releases/download/v1.47.2/typos-v1.47.2-x86_64-apple-darwin.tar.gz"

[tools.typos."platforms.windows-x64"]
checksum = "sha256:f4a12400c48cc08e7f5435b64d0ecb08c54091b97c3ccabf6cea178d0969ca1f"
url = "https://github.com/crate-ci/typos/releases/download/v1.47.2/typos-v1.47.2-x86_64-pc-windows-msvc.zip"

[[tools.zizmor]]
version = "1.25.2"
backend = "aqua:zizmorcore/zizmor"

[tools.zizmor."platforms.linux-arm64"]
checksum = "sha256:4b4b9491112c2a09b318101c0d3349b73af1c4f532e097dd6d0164f2abda760d"
url = "https://github.com/zizmorcore/zizmor/releases/download/v1.25.2/zizmor-aarch64-unknown-linux-gnu.tar.gz"
provenance = "github-attestations"

[tools.zizmor."platforms.linux-arm64-musl"]
provenance = "github-attestations"

[tools.zizmor."platforms.linux-x64"]
checksum = "sha256:aa1facd105f0d83fe5c55b1adcd9d7417de5d83aa27471f91dc0b66cf3803577"
url = "https://github.com/zizmorcore/zizmor/releases/download/v1.25.2/zizmor-x86_64-unknown-linux-gnu.tar.gz"
provenance = "github-attestations"

[tools.zizmor."platforms.linux-x64-musl"]
provenance = "github-attestations"

[tools.zizmor."platforms.macos-arm64"]
checksum = "sha256:624ef0e09521aecd862126be0f6d7754669af2646750d68ac48a114be33c3146"
url = "https://github.com/zizmorcore/zizmor/releases/download/v1.25.2/zizmor-aarch64-apple-darwin.tar.gz"
provenance = "github-attestations"

[tools.zizmor."platforms.macos-x64"]
checksum = "sha256:353271b9ec301dd4ba158af481323c831c6e9b494d5ac3f5aa58cf4b207699cc"
url = "https://github.com/zizmorcore/zizmor/releases/download/v1.25.2/zizmor-x86_64-apple-darwin.tar.gz"
provenance = "github-attestations"

[tools.zizmor."platforms.windows-x64"]
checksum = "sha256:65d46a8144f701200621b580f632076d80d082d60856de9f88793a95fb5882d7"
url = "https://github.com/zizmorcore/zizmor/releases/download/v1.25.2/zizmor-x86_64-pc-windows-msvc.zip"
provenance = "github-attestations"
