# @generated - this file is auto-generated by `mise lock` https://mise.en.dev/dev-tools/mise-lock.html

[[tools.actionlint]]
version = "1.7.12"
backend = "aqua:rhysd/actionlint"

[tools.actionlint."platforms.linux-arm64"]
checksum = "sha256:325e971b6ba9bfa504672e29be93c24981eeb1c07576d730e9f7c8805afff0c6"
url = "https://github.com/rhysd/actionlint/releases/download/v1.7.12/actionlint_1.7.12_linux_arm64.tar.gz"
provenance = "github-attestations"

[tools.actionlint."platforms.linux-arm64-musl"]
checksum = "sha256:325e971b6ba9bfa504672e29be93c24981eeb1c07576d730e9f7c8805afff0c6"
url = "https://github.com/rhysd/actionlint/releases/download/v1.7.12/actionlint_1.7.12_linux_arm64.tar.gz"
provenance = "github-attestations"

[tools.actionlint."platforms.linux-x64"]
checksum = "sha256:8aca8db96f1b94770f1b0d72b6dddcb1ebb8123cb3712530b08cc387b349a3d8"
url = "https://github.com/rhysd/actionlint/releases/download/v1.7.12/actionlint_1.7.12_linux_amd64.tar.gz"
provenance = "github-attestations"

[tools.actionlint."platforms.linux-x64-musl"]
checksum = "sha256:8aca8db96f1b94770f1b0d72b6dddcb1ebb8123cb3712530b08cc387b349a3d8"
url = "https://github.com/rhysd/actionlint/releases/download/v1.7.12/actionlint_1.7.12_linux_amd64.tar.gz"
provenance = "github-attestations"

[tools.actionlint."platforms.macos-arm64"]
checksum = "sha256:aba9ced2dee8d27fecca3dc7feb1a7f9a52caefa1eb46f3271ea66b6e0e6953f"
url = "https://github.com/rhysd/actionlint/releases/download/v1.7.12/actionlint_1.7.12_darwin_arm64.tar.gz"
provenance = "github-attestations"

[tools.actionlint."platforms.macos-x64"]
checksum = "sha256:5b44c3bc2255115c9b69e30efc0fecdf498fdb63c5d58e17084fd5f16324c644"
url = "https://github.com/rhysd/actionlint/releases/download/v1.7.12/actionlint_1.7.12_darwin_amd64.tar.gz"
provenance = "github-attestations"

[tools.actionlint."platforms.windows-x64"]
checksum = "sha256:6e7241b51e6817ea6a047693d8e6fed13b31819c9a0dd6c5a726e1592d22f6e9"
url = "https://github.com/rhysd/actionlint/releases/download/v1.7.12/actionlint_1.7.12_windows_amd64.zip"
provenance = "github-attestations"

[[tools."aqua:grafana/flint"]]
version = "0.22.2"
backend = "aqua:grafana/flint"

[tools."aqua:grafana/flint"."platforms.linux-arm64"]
checksum = "sha256:cbe96f8df0e6ec86499304f913a1d697989d13594306828396a90a9986389544"
url = "https://github.com/grafana/flint/releases/download/v0.22.2/flint-aarch64-unknown-linux-gnu.tar.gz"
provenance = "github-attestations"

[tools."aqua:grafana/flint"."platforms.linux-arm64-musl"]
provenance = "github-attestations"

[tools."aqua:grafana/flint"."platforms.linux-x64"]
checksum = "sha256:b0c6d3b9dfc609a3cbce3b9cdde191a14df18c5d5064e819b795cef5f616fc0d"
url = "https://github.com/grafana/flint/releases/download/v0.22.2/flint-x86_64-unknown-linux-gnu.tar.gz"
provenance = "github-attestations"

[tools."aqua:grafana/flint"."platforms.linux-x64-musl"]
provenance = "github-attestations"

[tools."aqua:grafana/flint"."platforms.macos-arm64"]
checksum = "sha256:8592382abe9f471308aad24996e690bbf718d24323901c91756a891395931dc5"
url = "https://github.com/grafana/flint/releases/download/v0.22.2/flint-aarch64-apple-darwin.tar.gz"
provenance = "github-attestations"

[tools."aqua:grafana/flint"."platforms.macos-x64"]
checksum = "sha256:7a673571e67e5bb64a132dfa8535af3664bb4b32d4f881a21cc80d0b0727e1f4"
url = "https://github.com/grafana/flint/releases/download/v0.22.2/flint-x86_64-apple-darwin.tar.gz"
provenance = "github-attestations"

[tools."aqua:grafana/flint"."platforms.windows-x64"]
checksum = "sha256:0a020a5db952ed17faafcf12461d15e51a6ba3439aed8f4ef9709e0008f33883"
url = "https://github.com/grafana/flint/releases/download/v0.22.2/flint-x86_64-pc-windows-msvc.zip"
provenance = "github-attestations"

[[tools."aqua:jonwiggins/xmloxide"]]
version = "v0.4.3"
backend = "aqua:jonwiggins/xmloxide"

[tools."aqua:jonwiggins/xmloxide"."platforms.linux-arm64"]
checksum = "sha256:abb840c558fdc94b4c1eddb1e4a3901d6c8129dcb76f387428dc2b30a7364967"
url = "https://github.com/jonwiggins/xmloxide/releases/download/v0.4.3/xmllint_linux-aarch64"

[tools."aqua:jonwiggins/xmloxide"."platforms.linux-arm64-musl"]
checksum = "sha256:abb840c558fdc94b4c1eddb1e4a3901d6c8129dcb76f387428dc2b30a7364967"
url = "https://github.com/jonwiggins/xmloxide/releases/download/v0.4.3/xmllint_linux-aarch64"

[tools."aqua:jonwiggins/xmloxide"."platforms.linux-x64"]
checksum = "sha256:46ccd30ff3a242b3d01ab72366cc3b6762882be604ebceaa32123a40d0af2dfc"
url = "https://github.com/jonwiggins/xmloxide/releases/download/v0.4.3/xmllint_linux-x86-64"

[tools."aqua:jonwiggins/xmloxide"."platforms.linux-x64-musl"]
checksum = "sha256:46ccd30ff3a242b3d01ab72366cc3b6762882be604ebceaa32123a40d0af2dfc"
url = "https://github.com/jonwiggins/xmloxide/releases/download/v0.4.3/xmllint_linux-x86-64"

[tools."aqua:jonwiggins/xmloxide"."platforms.macos-arm64"]
checksum = "sha256:6a2cb055e63ae97d75cd346c34138a9e31626e1dfc0983006c422c203b5cc288"
url = "https://github.com/jonwiggins/xmloxide/releases/download/v0.4.3/xmllint_darwin-aarch64"

[tools."aqua:jonwiggins/xmloxide"."platforms.macos-x64"]
checksum = "sha256:e83cbba88862d009405b5ce9e48025ff84b683a39a0832dde2db5395cb54734f"
url = "https://github.com/jonwiggins/xmloxide/releases/download/v0.4.3/xmllint_darwin-x86-64"

[tools."aqua:jonwiggins/xmloxide"."platforms.windows-x64"]
checksum = "sha256:22872cad20b8ce8ccab28c42ce17acc9aa64b82cbad7d130ee74196cd74cd414"
url = "https://github.com/jonwiggins/xmloxide/releases/download/v0.4.3/xmllint_windows-x86-64.exe"

[[tools."aqua:owenlamont/ryl"]]
version = "0.10.0"
backend = "aqua:owenlamont/ryl"

[tools."aqua:owenlamont/ryl"."platforms.linux-arm64"]
checksum = "sha256:1e7a404b17d761321fb703f4b00c92e970f4836be7e8a7adc6a80130cf310f79"
url = "https://github.com/owenlamont/ryl/releases/download/v0.10.0/ryl-aarch64-unknown-linux-musl.tar.gz"
provenance = "github-attestations"

[tools."aqua:owenlamont/ryl"."platforms.linux-arm64-musl"]
checksum = "sha256:1e7a404b17d761321fb703f4b00c92e970f4836be7e8a7adc6a80130cf310f79"
url = "https://github.com/owenlamont/ryl/releases/download/v0.10.0/ryl-aarch64-unknown-linux-musl.tar.gz"
provenance = "github-attestations"

[tools."aqua:owenlamont/ryl"."platforms.linux-x64"]
checksum = "sha256:bb1c24a36c5c5a57383af9f019768e185c23b1a98f458ffae0a0a0ab0c7a0146"
url = "https://github.com/owenlamont/ryl/releases/download/v0.10.0/ryl-x86_64-unknown-linux-musl.tar.gz"
provenance = "github-attestations"

[tools."aqua:owenlamont/ryl"."platforms.linux-x64-musl"]
checksum = "sha256:bb1c24a36c5c5a57383af9f019768e185c23b1a98f458ffae0a0a0ab0c7a0146"
url = "https://github.com/owenlamont/ryl/releases/download/v0.10.0/ryl-x86_64-unknown-linux-musl.tar.gz"
provenance = "github-attestations"

[tools."aqua:owenlamont/ryl"."platforms.macos-arm64"]
checksum = "sha256:996b1f8400ee6b1cd1411efb7febc7bcf79f61b6025feec804da8cd826b2cbc0"
url = "https://github.com/owenlamont/ryl/releases/download/v0.10.0/ryl-aarch64-apple-darwin.tar.gz"
provenance = "github-attestations"

[tools."aqua:owenlamont/ryl"."platforms.windows-x64"]
checksum = "sha256:e9f767f3ba8f7604cf4a7e23d54d57aabcf0242c6cda0be595e21a5cb61ac821"
url = "https://github.com/owenlamont/ryl/releases/download/v0.10.0/ryl-x86_64-pc-windows-msvc.zip"
provenance = "github-attestations"

[[tools.biome]]
version = "2.4.12"
backend = "aqua:biomejs/biome"

[tools.biome."platforms.linux-arm64"]
checksum = "sha256:8c01c56aa0701e12142de057ff4a0a220e73c32f7e606935024223c8650f069a"
url = "https://github.com/biomejs/biome/releases/download/%40biomejs/biome%402.4.12/biome-linux-arm64"
provenance = "github-attestations"

[tools.biome."platforms.linux-arm64-musl"]
checksum = "sha256:8334e330fdc3eca2461928071704092b615831035108b1761386981262570f2c"
url = "https://github.com/biomejs/biome/releases/download/%40biomejs/biome%402.4.12/biome-linux-arm64-musl"
provenance = "github-attestations"

[tools.biome."platforms.linux-x64"]
checksum = "sha256:a0c50f60ed0a3c24450f5561eff58c8b9a91708c6b3f2f9ecd398a825d4a0861"
url = "https://github.com/biomejs/biome/releases/download/%40biomejs/biome%402.4.12/biome-linux-x64"
provenance = "github-attestations"

[tools.biome."platforms.linux-x64-musl"]
checksum = "sha256:09acbdcd294e40e1f5c493e58f56f78cf2522c9d9b9f4609323c05689e8dc4bd"
url = "https://github.com/biomejs/biome/releases/download/%40biomejs/biome%402.4.12/biome-linux-x64-musl"
provenance = "github-attestations"

[tools.biome."platforms.macos-arm64"]
checksum = "sha256:ac5775441d77af4ef9f61827e6058b2ec21db469102c94ccd9d1c48d09d5c461"
url = "https://github.com/biomejs/biome/releases/download/%40biomejs/biome%402.4.12/biome-darwin-arm64"
provenance = "github-attestations"

[tools.biome."platforms.macos-x64"]
checksum = "sha256:2617d939c0076743cbc597d9e1531628a0346eb19e6916f9374cb6e8f203fe3b"
url = "https://github.com/biomejs/biome/releases/download/%40biomejs/biome%402.4.12/biome-darwin-x64"
provenance = "github-attestations"

[tools.biome."platforms.windows-x64"]
checksum = "sha256:bb4309a0c05caf7377fc071b770d503c5e052a45f8ddea3c9dca34890f202189"
url = "https://github.com/biomejs/biome/releases/download/%40biomejs/biome%402.4.12/biome-win32-x64.exe"
provenance = "github-attestations"

[[tools.editorconfig-checker]]
version = "3.7.0"
backend = "aqua:editorconfig-checker/editorconfig-checker"

[tools.editorconfig-checker."platforms.linux-arm64"]
checksum = "sha256:e978f3f0940469989930311af8e101dd9ce8c2ee4da69264f3d76a3787e961ad"
url = "https://github.com/editorconfig-checker/editorconfig-checker/releases/download/v3.7.0/ec-linux-arm64.tar.gz"

[tools.editorconfig-checker."platforms.linux-arm64-musl"]
checksum = "sha256:e978f3f0940469989930311af8e101dd9ce8c2ee4da69264f3d76a3787e961ad"
url = "https://github.com/editorconfig-checker/editorconfig-checker/releases/download/v3.7.0/ec-linux-arm64.tar.gz"

[tools.editorconfig-checker."platforms.linux-x64"]
checksum = "sha256:9a0c3a5170bffa24f9e5f0def53d285777b6c5284a95367f40d399d0b76af552"
url = "https://github.com/editorconfig-checker/editorconfig-checker/releases/download/v3.7.0/ec-linux-amd64.tar.gz"

[tools.editorconfig-checker."platforms.linux-x64-musl"]
checksum = "sha256:9a0c3a5170bffa24f9e5f0def53d285777b6c5284a95367f40d399d0b76af552"
url = "https://github.com/editorconfig-checker/editorconfig-checker/releases/download/v3.7.0/ec-linux-amd64.tar.gz"

[tools.editorconfig-checker."platforms.macos-arm64"]
checksum = "sha256:727e6ef506c6fbe7719cc29c69b495715b64514a00059f3f179077bfad0580e5"
url = "https://github.com/editorconfig-checker/editorconfig-checker/releases/download/v3.7.0/ec-darwin-arm64.tar.gz"

[tools.editorconfig-checker."platforms.macos-x64"]
checksum = "sha256:6cd2e4aa2a374d391e3baeaae43fc28906fd15b09490f5669eee206a63eef00a"
url = "https://github.com/editorconfig-checker/editorconfig-checker/releases/download/v3.7.0/ec-darwin-amd64.tar.gz"

[tools.editorconfig-checker."platforms.windows-x64"]
checksum = "sha256:9c6b8a4cd7ccc5826ab96d34c460f37ab18b9cb50607d3ee9eb743fc47335da7"
url = "https://github.com/editorconfig-checker/editorconfig-checker/releases/download/v3.7.0/ec-windows-amd64.zip"

[[tools."go:github.com/grafana/oats"]]
version = "0.6.1"
backend = "go:github.com/grafana/oats"

[[tools.google-java-format]]
version = "1.35.0"
backend = "aqua:google/google-java-format"

[tools.google-java-format."platforms.linux-arm64"]
checksum = "sha256:a69b2e85deb681f3eae4c946b948908e162e76ef27d752fa31830866dd7aa764"
url = "https://github.com/google/google-java-format/releases/download/v1.35.0/google-java-format_linux-arm64"

[tools.google-java-format."platforms.linux-arm64-musl"]
checksum = "sha256:a69b2e85deb681f3eae4c946b948908e162e76ef27d752fa31830866dd7aa764"
url = "https://github.com/google/google-java-format/releases/download/v1.35.0/google-java-format_linux-arm64"

[tools.google-java-format."platforms.linux-x64"]
checksum = "sha256:e0f95ad6d26b8fbd5b1e3fd3014f8306c4eb3b29d2a6b15fab62d0a364629437"
url = "https://github.com/google/google-java-format/releases/download/v1.35.0/google-java-format_linux-x86-64"

[tools.google-java-format."platforms.linux-x64-musl"]
checksum = "sha256:e0f95ad6d26b8fbd5b1e3fd3014f8306c4eb3b29d2a6b15fab62d0a364629437"
url = "https://github.com/google/google-java-format/releases/download/v1.35.0/google-java-format_linux-x86-64"

[tools.google-java-format."platforms.macos-arm64"]
checksum = "sha256:563f066c324687885b5f4039325f8952fbb9aaf3d67c68e0b2eafccc8069d3b8"
url = "https://github.com/google/google-java-format/releases/download/v1.35.0/google-java-format_darwin-arm64"

[tools.google-java-format."platforms.windows-x64"]
checksum = "sha256:2451e70f7805ce51dc026c0ca6b76b689b20c99c5e5769412ae5235f59f3a427"
url = "https://github.com/google/google-java-format/releases/download/v1.35.0/google-java-format_windows-x86-64.exe"

[[tools.hugo]]
version = "0.161.1"
backend = "aqua:gohugoio/hugo"

[tools.hugo."platforms.linux-arm64"]
checksum = "sha256:382371ec3208236fb854ced51781f859b6c27a7d066b8fe90594eba14ba76d00"
url = "https://github.com/gohugoio/hugo/releases/download/v0.161.1/hugo_0.161.1_linux-arm64.tar.gz"

[tools.hugo."platforms.linux-arm64-musl"]
checksum = "sha256:382371ec3208236fb854ced51781f859b6c27a7d066b8fe90594eba14ba76d00"
url = "https://github.com/gohugoio/hugo/releases/download/v0.161.1/hugo_0.161.1_linux-arm64.tar.gz"

[tools.hugo."platforms.linux-x64"]
checksum = "sha256:fae28bf7909c1a42d1365b89d2e9e3d4194fbe5968ae0dd5504f562381018a1d"
url = "https://github.com/gohugoio/hugo/releases/download/v0.161.1/hugo_0.161.1_linux-amd64.tar.gz"

[tools.hugo."platforms.linux-x64-musl"]
checksum = "sha256:fae28bf7909c1a42d1365b89d2e9e3d4194fbe5968ae0dd5504f562381018a1d"
url = "https://github.com/gohugoio/hugo/releases/download/v0.161.1/hugo_0.161.1_linux-amd64.tar.gz"

[tools.hugo."platforms.macos-arm64"]
checksum = "sha256:b12e1cbebacf61f9cf67e0046c835142e70c829da7c16b05c1ec64a68885ee80"
url = "https://github.com/gohugoio/hugo/releases/download/v0.161.1/hugo_0.161.1_darwin-universal.pkg"

[tools.hugo."platforms.macos-x64"]
checksum = "sha256:b12e1cbebacf61f9cf67e0046c835142e70c829da7c16b05c1ec64a68885ee80"
url = "https://github.com/gohugoio/hugo/releases/download/v0.161.1/hugo_0.161.1_darwin-universal.pkg"

[tools.hugo."platforms.windows-x64"]
checksum = "sha256:7f8d030b37600c60bf2a782611257e6a768934fbe7724c1f3a1a501e6724cf0d"
url = "https://github.com/gohugoio/hugo/releases/download/v0.161.1/hugo_0.161.1_windows-amd64.zip"

[[tools.java]]
version = "temurin-25.0.3+9.0.LTS"
backend = "core:java"

[tools.java."platforms.linux-arm64"]
checksum = "sha256:3e4287cb98870ba824ed698854bdc27cff984254caf66dd12cc291e7bfdde26b"
url = "https://github.com/adoptium/temurin25-binaries/releases/download/jdk-25.0.3%2B9/OpenJDK25U-jdk_aarch64_linux_hotspot_25.0.3_9.tar.gz"

[tools.java."platforms.linux-arm64-musl"]
checksum = "sha256:6ed368e93049d3b188c045fce0b20953bbea92fe0614dbbf4d3fd8daad7be3b2"
url = "https://github.com/adoptium/temurin25-binaries/releases/download/jdk-25.0.3%2B9/OpenJDK25U-jdk_aarch64_alpine-linux_hotspot_25.0.3_9.tar.gz"

[tools.java."platforms.linux-x64"]
checksum = "sha256:69264a7a211bf5029830d07bc3370f879769d62ebc5b5488e90c9343a2da0e1f"
url = "https://github.com/adoptium/temurin25-binaries/releases/download/jdk-25.0.3%2B9/OpenJDK25U-jdk_x64_linux_hotspot_25.0.3_9.tar.gz"

[tools.java."platforms.linux-x64-musl"]
checksum = "sha256:51c2415b370aac7c3796b0c4663c8fcf91bc22d76f03df95b25fa5667cb5fdd8"
url = "https://github.com/adoptium/temurin25-binaries/releases/download/jdk-25.0.3%2B9/OpenJDK25U-jdk_x64_alpine-linux_hotspot_25.0.3_9.tar.gz"

[tools.java."platforms.macos-arm64"]
checksum = "sha256:7baab4d69a15554e119b86ff78d40e3fdc28819b5b322955c913cebfe3f6a37c"
url = "https://github.com/adoptium/temurin25-binaries/releases/download/jdk-25.0.3%2B9/OpenJDK25U-jdk_aarch64_mac_hotspot_25.0.3_9.tar.gz"

[tools.java."platforms.macos-x64"]
checksum = "sha256:4c539a18b4d656960ff6766727e9ca546fc17f7a29714dba9e7b47bdcb37c447"
url = "https://github.com/adoptium/temurin25-binaries/releases/download/jdk-25.0.3%2B9/OpenJDK25U-jdk_x64_mac_hotspot_25.0.3_9.tar.gz"

[tools.java."platforms.windows-x64"]
checksum = "sha256:709312cd0420296d9b9de917fe6e28a5b979e875ee5ab91783fb79bcd5857235"
url = "https://github.com/adoptium/temurin25-binaries/releases/download/jdk-25.0.3%2B9/OpenJDK25U-jdk_x64_windows_hotspot_25.0.3_9.zip"

[[tools.lychee]]
version = "0.24.2"
backend = "aqua:lycheeverse/lychee"

[tools.lychee."platforms.linux-arm64"]
checksum = "sha256:5d0b0e3aeab240f41920c633a6eaf97599be6eedda034b36e858ede7dba5e535"
url = "https://github.com/lycheeverse/lychee/releases/download/lychee-v0.24.2/lychee-aarch64-unknown-linux-musl.tar.gz"

[tools.lychee."platforms.linux-arm64-musl"]
checksum = "sha256:5d0b0e3aeab240f41920c633a6eaf97599be6eedda034b36e858ede7dba5e535"
url = "https://github.com/lycheeverse/lychee/releases/download/lychee-v0.24.2/lychee-aarch64-unknown-linux-musl.tar.gz"

[tools.lychee."platforms.linux-x64"]
checksum = "sha256:73657a111819a30c47c08352896796f23d64e4eb2b3ed39b6d32149241566fc5"
url = "https://github.com/lycheeverse/lychee/releases/download/lychee-v0.24.2/lychee-x86_64-unknown-linux-musl.tar.gz"

[tools.lychee."platforms.linux-x64-musl"]
checksum = "sha256:73657a111819a30c47c08352896796f23d64e4eb2b3ed39b6d32149241566fc5"
url = "https://github.com/lycheeverse/lychee/releases/download/lychee-v0.24.2/lychee-x86_64-unknown-linux-musl.tar.gz"

[tools.lychee."platforms.macos-arm64"]
checksum = "sha256:c9d3740ea2d891854d37116c9fba840f37b6e7c89d330e7db84ac333631c4977"
url = "https://github.com/lycheeverse/lychee/releases/download/lychee-v0.24.2/lychee-aarch64-apple-darwin.tar.gz"

[tools.lychee."platforms.macos-x64"]
checksum = "sha256:887503a9cff667d322b8d0892b40bf49976eb9507af8483220a3706cdad55978"
url = "https://github.com/lycheeverse/lychee/releases/download/lychee-v0.24.2/lychee-x86_64-apple-darwin.tar.gz"

[tools.lychee."platforms.windows-x64"]
checksum = "sha256:32975d1493ee1a975d6bb41e4fb56fe419cb442ded628bb772ba2e614acfacad"
url = "https://github.com/lycheeverse/lychee/releases/download/lychee-v0.24.2/lychee-x86_64-pc-windows-msvc.zip"

[[tools.node]]
version = "24.15.0"
backend = "core:node"

[tools.node."platforms.linux-arm64"]
checksum = "sha256:73afc234d558c24919875f51c2d1ea002a2ada4ea6f83601a383869fefa64eed"
url = "https://nodejs.org/dist/v24.15.0/node-v24.15.0-linux-arm64.tar.gz"

[tools.node."platforms.linux-arm64-musl"]
checksum = "sha256:31e98aa960a067da91edffd5d93bc46657b5d2a8029612c359f5f2ac0060152a"
url = "https://unofficial-builds.nodejs.org/download/release/v24.15.0/node-v24.15.0-linux-arm64-musl.tar.gz"

[tools.node."platforms.linux-x64"]
checksum = "sha256:44836872d9aec49f1e6b52a9a922872db9a2b02d235a616a5681b6a85fec8d89"
url = "https://nodejs.org/dist/v24.15.0/node-v24.15.0-linux-x64.tar.gz"

[tools.node."platforms.linux-x64-musl"]
checksum = "sha256:f55af5bd489c5347b113ca6594cae00a54b30ba57ac5875324311bfc6f4762e3"
url = "https://unofficial-builds.nodejs.org/download/release/v24.15.0/node-v24.15.0-linux-x64-musl.tar.gz"

[tools.node."platforms.macos-arm64"]
checksum = "sha256:372331b969779ab5d15b949884fc6eaf88d5afe87bde8ba881d6400b9100ffc4"
url = "https://nodejs.org/dist/v24.15.0/node-v24.15.0-darwin-arm64.tar.gz"

[tools.node."platforms.macos-x64"]
checksum = "sha256:ffd5ee293467927f3ee731a553eb88fd1f48cf74eebc2d74a6babe4af228673b"
url = "https://nodejs.org/dist/v24.15.0/node-v24.15.0-darwin-x64.tar.gz"

[tools.node."platforms.windows-x64"]
checksum = "sha256:cc5149eabd53779ce1e7bdc5401643622d0c7e6800ade18928a767e940bb0e62"
url = "https://nodejs.org/dist/v24.15.0/node-v24.15.0-win-x64.zip"

[[tools."npm:renovate"]]
version = "43.150.0"
backend = "npm:renovate"

[[tools.protoc]]
version = "35.0"
backend = "aqua:protocolbuffers/protobuf/protoc"

[tools.protoc."platforms.linux-arm64"]
checksum = "sha256:36b518ac14d90351cc6598228ed2bbe5afe4e357b1af470b07e0ec1609875de2"
url = "https://github.com/protocolbuffers/protobuf/releases/download/v35.0/protoc-35.0-linux-aarch_64.zip"

[tools.protoc."platforms.linux-arm64-musl"]
checksum = "sha256:36b518ac14d90351cc6598228ed2bbe5afe4e357b1af470b07e0ec1609875de2"
url = "https://github.com/protocolbuffers/protobuf/releases/download/v35.0/protoc-35.0-linux-aarch_64.zip"

[tools.protoc."platforms.linux-x64"]
checksum = "sha256:a45cda0989c17dd950db55f6fbe1e5814c50fda08e87aa422980ac1f89dddbbc"
url = "https://github.com/protocolbuffers/protobuf/releases/download/v35.0/protoc-35.0-linux-x86_64.zip"

[tools.protoc."platforms.linux-x64-musl"]
checksum = "sha256:a45cda0989c17dd950db55f6fbe1e5814c50fda08e87aa422980ac1f89dddbbc"
url = "https://github.com/protocolbuffers/protobuf/releases/download/v35.0/protoc-35.0-linux-x86_64.zip"

[tools.protoc."platforms.macos-arm64"]
checksum = "sha256:45444963204757fd3e2fbe304bc1fdadfb488d8556ff099c4cc06575eab88976"
url = "https://github.com/protocolbuffers/protobuf/releases/download/v35.0/protoc-35.0-osx-aarch_64.zip"

[tools.protoc."platforms.macos-x64"]
checksum = "sha256:3580c2d115fccb5b0239960c8f70f8da14787b1973a46b2f39c315ad71c11e01"
url = "https://github.com/protocolbuffers/protobuf/releases/download/v35.0/protoc-35.0-osx-x86_64.zip"

[tools.protoc."platforms.windows-x64"]
checksum = "sha256:d1cede9e308cc3eb072392af1c02ccae4bdd3d2f374ec2970dbd8cdfdaa91363"
url = "https://github.com/protocolbuffers/protobuf/releases/download/v35.0/protoc-35.0-win64.zip"

[[tools.ruff]]
version = "0.15.14"
backend = "aqua:astral-sh/ruff"

[tools.ruff."platforms.linux-arm64"]
checksum = "sha256:1693dfc1f402a81b32ff4fee5f8b494857a1a857a2b8d63cad88d9d39c201297"
url = "https://github.com/astral-sh/ruff/releases/download/0.15.14/ruff-aarch64-unknown-linux-musl.tar.gz"
provenance = "github-attestations"

[tools.ruff."platforms.linux-arm64-musl"]
checksum = "sha256:1693dfc1f402a81b32ff4fee5f8b494857a1a857a2b8d63cad88d9d39c201297"
url = "https://github.com/astral-sh/ruff/releases/download/0.15.14/ruff-aarch64-unknown-linux-musl.tar.gz"
provenance = "github-attestations"

[tools.ruff."platforms.linux-x64"]
checksum = "sha256:e380c9cf14764b7134434c49d445d13c6e3db732cfd18d72c4bc2316a6dbb82e"
url = "https://github.com/astral-sh/ruff/releases/download/0.15.14/ruff-x86_64-unknown-linux-musl.tar.gz"
provenance = "github-attestations"

[tools.ruff."platforms.linux-x64-musl"]
checksum = "sha256:e380c9cf14764b7134434c49d445d13c6e3db732cfd18d72c4bc2316a6dbb82e"
url = "https://github.com/astral-sh/ruff/releases/download/0.15.14/ruff-x86_64-unknown-linux-musl.tar.gz"
provenance = "github-attestations"

[tools.ruff."platforms.macos-arm64"]
checksum = "sha256:953243859467ed3f4f2bc6c11e241cd42a11ed42605b33d971dc2b174772da7d"
url = "https://github.com/astral-sh/ruff/releases/download/0.15.14/ruff-aarch64-apple-darwin.tar.gz"
provenance = "github-attestations"

[tools.ruff."platforms.macos-x64"]
checksum = "sha256:537f569780fc71f63238f1f43dc04285b24fddbc6eea7219a9a18f408bdd869d"
url = "https://github.com/astral-sh/ruff/releases/download/0.15.14/ruff-x86_64-apple-darwin.tar.gz"
provenance = "github-attestations"

[tools.ruff."platforms.windows-x64"]
checksum = "sha256:c589a77b0e112c374e9a5e0c42a7fb18d8725c5322ae261e343f66d1c87f0a5e"
url = "https://github.com/astral-sh/ruff/releases/download/0.15.14/ruff-x86_64-pc-windows-msvc.zip"
provenance = "github-attestations"

[[tools.rumdl]]
version = "0.2.0"
backend = "aqua:rvben/rumdl"

[tools.rumdl."platforms.linux-arm64"]
checksum = "sha256:1897d6e510d4b9c0dc13f79d36e870c7e7420443aaa0215173466cd188ae90cb"
url = "https://github.com/rvben/rumdl/releases/download/v0.2.0/rumdl-v0.2.0-aarch64-unknown-linux-musl.tar.gz"
provenance = "github-attestations"

[tools.rumdl."platforms.linux-arm64-musl"]
checksum = "sha256:1897d6e510d4b9c0dc13f79d36e870c7e7420443aaa0215173466cd188ae90cb"
url = "https://github.com/rvben/rumdl/releases/download/v0.2.0/rumdl-v0.2.0-aarch64-unknown-linux-musl.tar.gz"
provenance = "github-attestations"

[tools.rumdl."platforms.linux-x64"]
checksum = "sha256:00730abe083bf5164d02ce3387c5e95d6d9b12acf65412527ea18778c0725624"
url = "https://github.com/rvben/rumdl/releases/download/v0.2.0/rumdl-v0.2.0-x86_64-unknown-linux-musl.tar.gz"
provenance = "github-attestations"

[tools.rumdl."platforms.linux-x64-musl"]
checksum = "sha256:00730abe083bf5164d02ce3387c5e95d6d9b12acf65412527ea18778c0725624"
url = "https://github.com/rvben/rumdl/releases/download/v0.2.0/rumdl-v0.2.0-x86_64-unknown-linux-musl.tar.gz"
provenance = "github-attestations"

[tools.rumdl."platforms.macos-arm64"]
checksum = "sha256:e4a45f970e695c4cc218380a57531d72ae3384512867a308251569fd5456906c"
url = "https://github.com/rvben/rumdl/releases/download/v0.2.0/rumdl-v0.2.0-aarch64-apple-darwin.tar.gz"
provenance = "github-attestations"

[tools.rumdl."platforms.macos-x64"]
checksum = "sha256:760726e893e665fd0d3d8057f71f27ea7f9ff370bf33d3e7bdb833c2ec557ca0"
url = "https://github.com/rvben/rumdl/releases/download/v0.2.0/rumdl-v0.2.0-x86_64-apple-darwin.tar.gz"
provenance = "github-attestations"

[tools.rumdl."platforms.windows-x64"]
checksum = "sha256:e3e492b331329dddc87777da376acfa4f7f5c1c4d1a8264bd8941d8f1a713735"
url = "https://github.com/rvben/rumdl/releases/download/v0.2.0/rumdl-v0.2.0-x86_64-pc-windows-msvc.zip"
provenance = "github-attestations"

[[tools.shellcheck]]
version = "v0.11.0"
backend = "aqua:koalaman/shellcheck"

[tools.shellcheck."platforms.linux-arm64"]
checksum = "sha256:12b331c1d2db6b9eb13cfca64306b1b157a86eb69db83023e261eaa7e7c14588"
url = "https://github.com/koalaman/shellcheck/releases/download/v0.11.0/shellcheck-v0.11.0.linux.aarch64.tar.xz"

[tools.shellcheck."platforms.linux-arm64-musl"]
checksum = "sha256:12b331c1d2db6b9eb13cfca64306b1b157a86eb69db83023e261eaa7e7c14588"
url = "https://github.com/koalaman/shellcheck/releases/download/v0.11.0/shellcheck-v0.11.0.linux.aarch64.tar.xz"

[tools.shellcheck."platforms.linux-x64"]
checksum = "sha256:8c3be12b05d5c177a04c29e3c78ce89ac86f1595681cab149b65b97c4e227198"
url = "https://github.com/koalaman/shellcheck/releases/download/v0.11.0/shellcheck-v0.11.0.linux.x86_64.tar.xz"

[tools.shellcheck."platforms.linux-x64-musl"]
checksum = "sha256:8c3be12b05d5c177a04c29e3c78ce89ac86f1595681cab149b65b97c4e227198"
url = "https://github.com/koalaman/shellcheck/releases/download/v0.11.0/shellcheck-v0.11.0.linux.x86_64.tar.xz"

[tools.shellcheck."platforms.macos-arm64"]
checksum = "sha256:56affdd8de5527894dca6dc3d7e0a99a873b0f004d7aabc30ae407d3f48b0a79"
url = "https://github.com/koalaman/shellcheck/releases/download/v0.11.0/shellcheck-v0.11.0.darwin.aarch64.tar.xz"

[tools.shellcheck."platforms.macos-x64"]
checksum = "sha256:3c89db4edcab7cf1c27bff178882e0f6f27f7afdf54e859fa041fca10febe4c6"
url = "https://github.com/koalaman/shellcheck/releases/download/v0.11.0/shellcheck-v0.11.0.darwin.x86_64.tar.xz"

[tools.shellcheck."platforms.windows-x64"]
checksum = "sha256:8a4e35ab0b331c85d73567b12f2a444df187f483e5079ceffa6bda1faa2e740e"
url = "https://github.com/koalaman/shellcheck/releases/download/v0.11.0/shellcheck-v0.11.0.zip"

[[tools.shfmt]]
version = "3.13.1"
backend = "aqua:mvdan/sh"

[tools.shfmt."platforms.linux-arm64"]
checksum = "sha256:32d92acaa5cd8abb29fc49dac123dc412442d5713967819d8af2c29f1b3857c7"
url = "https://github.com/mvdan/sh/releases/download/v3.13.1/shfmt_v3.13.1_linux_arm64"

[tools.shfmt."platforms.linux-arm64-musl"]
checksum = "sha256:32d92acaa5cd8abb29fc49dac123dc412442d5713967819d8af2c29f1b3857c7"
url = "https://github.com/mvdan/sh/releases/download/v3.13.1/shfmt_v3.13.1_linux_arm64"

[tools.shfmt."platforms.linux-x64"]
checksum = "sha256:fb096c5d1ac6beabbdbaa2874d025badb03ee07929f0c9ff67563ce8c75398b1"
url = "https://github.com/mvdan/sh/releases/download/v3.13.1/shfmt_v3.13.1_linux_amd64"

[tools.shfmt."platforms.linux-x64-musl"]
checksum = "sha256:fb096c5d1ac6beabbdbaa2874d025badb03ee07929f0c9ff67563ce8c75398b1"
url = "https://github.com/mvdan/sh/releases/download/v3.13.1/shfmt_v3.13.1_linux_amd64"

[tools.shfmt."platforms.macos-arm64"]
checksum = "sha256:9680526be4a66ea1ffe988ed08af58e1400fe1e4f4aef5bd88b20bb9b3da33f8"
url = "https://github.com/mvdan/sh/releases/download/v3.13.1/shfmt_v3.13.1_darwin_arm64"

[tools.shfmt."platforms.macos-x64"]
checksum = "sha256:6feedafc72915794163114f512348e2437d080d0047ef8b8fa2ec63b575f12af"
url = "https://github.com/mvdan/sh/releases/download/v3.13.1/shfmt_v3.13.1_darwin_amd64"

[tools.shfmt."platforms.windows-x64"]
checksum = "sha256:60cd368533d0ad73fa86d93d5bbf95ef40587245ce684ed138c1b31557b5fe97"
url = "https://github.com/mvdan/sh/releases/download/v3.13.1/shfmt_v3.13.1_windows_amd64.exe"

[[tools.taplo]]
version = "0.10.0"
backend = "aqua:tamasfe/taplo"

[tools.taplo."platforms.linux-arm64"]
url = "https://github.com/tamasfe/taplo/releases/download/0.10.0/taplo-linux-aarch64.gz"

[tools.taplo."platforms.linux-arm64-musl"]
url = "https://github.com/tamasfe/taplo/releases/download/0.10.0/taplo-linux-aarch64.gz"

[tools.taplo."platforms.linux-x64"]
url = "https://github.com/tamasfe/taplo/releases/download/0.10.0/taplo-linux-x86_64.gz"

[tools.taplo."platforms.linux-x64-musl"]
url = "https://github.com/tamasfe/taplo/releases/download/0.10.0/taplo-linux-x86_64.gz"

[tools.taplo."platforms.macos-arm64"]
url = "https://github.com/tamasfe/taplo/releases/download/0.10.0/taplo-darwin-aarch64.gz"

[tools.taplo."platforms.macos-x64"]
url = "https://github.com/tamasfe/taplo/releases/download/0.10.0/taplo-darwin-x86_64.gz"

[tools.taplo."platforms.windows-x64"]
url = "https://github.com/tamasfe/taplo/releases/download/0.10.0/taplo-windows-x86_64.zip"

[[tools.typos]]
version = "1.46.3"
backend = "aqua:crate-ci/typos"

[tools.typos."platforms.linux-arm64"]
checksum = "sha256:3cbc11f8f476e07d8cef3dbd5c898d4e800b6c8a03c292ca4e0e571265958491"
url = "https://github.com/crate-ci/typos/releases/download/v1.46.3/typos-v1.46.3-aarch64-unknown-linux-musl.tar.gz"

[tools.typos."platforms.linux-arm64-musl"]
checksum = "sha256:3cbc11f8f476e07d8cef3dbd5c898d4e800b6c8a03c292ca4e0e571265958491"
url = "https://github.com/crate-ci/typos/releases/download/v1.46.3/typos-v1.46.3-aarch64-unknown-linux-musl.tar.gz"

[tools.typos."platforms.linux-x64"]
checksum = "sha256:a8b422b8ed79de732a31a705a9899e0a29124f8dc2f0a0f54dc127154ceb3b93"
url = "https://github.com/crate-ci/typos/releases/download/v1.46.3/typos-v1.46.3-x86_64-unknown-linux-musl.tar.gz"

[tools.typos."platforms.linux-x64-musl"]
checksum = "sha256:a8b422b8ed79de732a31a705a9899e0a29124f8dc2f0a0f54dc127154ceb3b93"
url = "https://github.com/crate-ci/typos/releases/download/v1.46.3/typos-v1.46.3-x86_64-unknown-linux-musl.tar.gz"

[tools.typos."platforms.macos-arm64"]
checksum = "sha256:503d4b0b2035d96fb286b5dc8594bda6a587cc76c1ad1022aa36a2634d42ae4b"
url = "https://github.com/crate-ci/typos/releases/download/v1.46.3/typos-v1.46.3-aarch64-apple-darwin.tar.gz"

[tools.typos."platforms.macos-x64"]
checksum = "sha256:70da5d5753674df9411e9df417380bb085acb6dc5e140b4c4799443db4dee407"
url = "https://github.com/crate-ci/typos/releases/download/v1.46.3/typos-v1.46.3-x86_64-apple-darwin.tar.gz"

[tools.typos."platforms.windows-x64"]
checksum = "sha256:612c427950ad2d1939e8284f4d6af42d9ea5d185e98d535977d1ba94b0f14fdc"
url = "https://github.com/crate-ci/typos/releases/download/v1.46.3/typos-v1.46.3-x86_64-pc-windows-msvc.zip"
