# @generated - this file is auto-generated by `mise lock` https://mise.en.dev/dev-tools/mise-lock.html

[[tools.java]]
version = "oracle-graalvm-25.0.1"
backend = "core:java"

[tools.java."platforms.linux-arm64"]
checksum = "sha256:edd77565c76570a6df5f38e53d54524102f2c1b1cf74eebd9f51e7fc19f667cd"
url = "https://download.oracle.com/graalvm/25/archive/graalvm-jdk-25.0.1_linux-aarch64_bin.tar.gz"

[tools.java."platforms.linux-x64"]
checksum = "sha256:d4ab02ba1029e639f03374fdf91c242e1d0d49079880e1af1932ea7b7c431837"
url = "https://download.oracle.com/graalvm/25/archive/graalvm-jdk-25.0.1_linux-x64_bin.tar.gz"

[tools.java."platforms.macos-arm64"]
checksum = "sha256:19dfd49ad112e6e6c2bdedc507c6859bf21294fa4c164f1be670d469c65b7993"
url = "https://download.oracle.com/graalvm/25/archive/graalvm-jdk-25.0.1_macos-aarch64_bin.tar.gz"

[tools.java."platforms.macos-x64"]
checksum = "sha256:a762ca1d9a163e32790b9286f3af4c16369729ff27999d8dbab60d7be16cff2f"
url = "https://download.oracle.com/graalvm/25/archive/graalvm-jdk-25.0.1_macos-x64_bin.tar.gz"

[tools.java."platforms.windows-x64"]
checksum = "sha256:5398592ecdf8f47f4b481896e1e63cbfff4cb8e0ba61538526e3b3795b1a85e5"
url = "https://download.oracle.com/graalvm/25/archive/graalvm-jdk-25.0.1_windows-x64_bin.zip"
